{
  "name": "@kompleet/mobile",
  "version": "0.1.0",
  "lockfileVersion": 3,
  "requires": true,
  "packages": {
    "": {
      "name": "@kompleet/mobile",
      "version": "0.1.0",
      "dependencies": {
        "@expo/metro-runtime": "~6.1.2",
        "@expo/vector-icons": "^15.0.3",
        "@react-navigation/native": "^7.0.0",
        "@supabase/supabase-js": "^2.45.0",
        "base64-arraybuffer": "^1.0.2",
        "expo-constants": "~18.0.13",
        "expo-file-system": "~19.0.21",
        "expo-font": "~14.0.4",
        "expo-image-picker": "~17.0.10",
        "expo-linking": "~8.0.11",
        "expo-location": "~19.0.8",
        "expo-router": "~6.0.23",
        "expo-secure-store": "~15.0.8",
        "expo-sharing": "~14.0.8",
        "expo-sqlite": "~16.0.10",
        "expo-status-bar": "~3.0.9",
        "react": "19.1.0",
        "react-native": "0.81.5",
        "react-native-safe-area-context": "~5.6.0",
        "react-native-screens": "~4.16.0"
      },
      "devDependencies": {
        "@babel/core": "^7.25.0",
        "@types/react": "~19.1.10",
        "babel-plugin-module-resolver": "^2.1.1",
        "expo": "^54.0.33",
        "typescript": "~5.9.2"
      },
      "engines": {
        "node": ">=20.19.4"
      }
    },
    "../../node_modules/.pnpm/@babel+core@7.29.0/node_modules/@babel/core": {
      "version": "7.29.0",
      "dev": true,
      "license": "MIT",
      "dependencies": {
        "@babel/code-frame": "^7.29.0",
        "@babel/generator": "^7.29.0",
        "@babel/helper-compilation-targets": "^7.28.6",
        "@babel/helper-module-transforms": "^7.28.6",
        "@babel/helpers": "^7.28.6",
        "@babel/parser": "^7.29.0",
        "@babel/template": "^7.28.6",
        "@babel/traverse": "^7.29.0",
        "@babel/types": "^7.29.0",
        "@jridgewell/remapping": "^2.3.5",
        "convert-source-map": "^2.0.0",
        "debug": "^4.1.0",
        "gensync": "^1.0.0-beta.2",
        "json5": "^2.2.3",
        "semver": "^6.3.1"
      },
      "devDependencies": {
        "@babel/helper-transform-fixture-test-runner": "^7.28.6",
        "@babel/plugin-syntax-flow": "^7.28.6",
        "@babel/plugin-transform-flow-strip-types": "^7.27.1",
        "@babel/plugin-transform-modules-commonjs": "^7.28.6",
        "@babel/preset-env": "^7.29.0",
        "@babel/preset-typescript": "^7.28.5",
        "@jridgewell/trace-mapping": "^0.3.28",
        "@types/convert-source-map": "^2.0.0",
        "@types/debug": "^4.1.0",
        "@types/resolve": "^1.3.2",
        "@types/semver": "^5.4.0",
        "rimraf": "^3.0.0",
        "ts-node": "^11.0.0-beta.1",
        "tsx": "^4.20.3"
      },
      "engines": {
        "node": ">=6.9.0"
      },
      "funding": {
        "type": "opencollective",
        "url": "https://opencollective.com/babel"
      }
    },
    "../../node_modules/.pnpm/@expo+metro-runtime@6.1.2_expo@54.0.33_react-dom@18.3.1_react@19.1.0__react-native@0.81.5_@ba_4cx75oox36bmteg3qqhmkckxqu/node_modules/@expo/metro-runtime": {
      "version": "6.1.2",
      "license": "MIT",
      "dependencies": {
        "anser": "^1.4.9",
        "pretty-format": "^29.7.0",
        "stacktrace-parser": "^0.1.10",
        "whatwg-fetch": "^3.0.0"
      },
      "devDependencies": {
        "react-dom": "19.1.0"
      },
      "peerDependencies": {
        "expo": "*",
        "react": "*",
        "react-dom": "*",
        "react-native": "*"
      },
      "peerDependenciesMeta": {
        "react-dom": {
          "optional": true
        }
      }
    },
    "../../node_modules/.pnpm/@expo+vector-icons@15.1.1_expo-font@14.0.11_expo@54.0.33_react-native@0.81.5_@babel+core@7.29_lj5tvdyytoeji6xbxn5363gzxe/node_modules/@expo/vector-icons": {
      "version": "15.1.1",
      "license": "MIT",
      "devDependencies": {
        "@babel/core": "^7.23.7",
        "@types/react-native": "~0.64",
        "eslint": "^8.56.0",
        "eslint-config-universe": "^12.0.0",
        "expo-font": "14.0.4",
        "expo-module-scripts": "^3.4.0",
        "prettier": "^3.1.1"
      },
      "peerDependencies": {
        "expo-font": ">=14.0.4",
        "react": "*",
        "react-native": "*"
      }
    },
    "../../node_modules/.pnpm/@react-navigation+native@7.1.28_react-native@0.81.5_@babel+core@7.29.0_@react-native-communit_oufw6ggwf7d2j2e7cwy5ergz34/node_modules/@react-navigation/native": {
      "version": "7.1.28",
      "license": "MIT",
      "dependencies": {
        "@react-navigation/core": "^7.14.0",
        "escape-string-regexp": "^4.0.0",
        "fast-deep-equal": "^3.1.3",
        "nanoid": "^3.3.11",
        "use-latest-callback": "^0.2.4"
      },
      "devDependencies": {
        "@jest/globals": "^30.0.0",
        "@testing-library/react-native": "^13.2.1",
        "@types/react": "~19.0.10",
        "@types/react-dom": "~19.1.7",
        "del-cli": "^6.0.0",
        "react": "19.1.0",
        "react-dom": "19.1.0",
        "react-native": "0.81.5",
        "react-native-builder-bob": "^0.40.17",
        "react-test-renderer": "19.1.0",
        "typescript": "^5.9.2"
      },
      "peerDependencies": {
        "react": ">= 18.2.0",
        "react-native": "*"
      }
    },
    "../../node_modules/.pnpm/@supabase+supabase-js@2.95.3/node_modules/@supabase/supabase-js": {
      "version": "2.95.3",
      "license": "MIT",
      "dependencies": {
        "@supabase/auth-js": "2.95.3",
        "@supabase/functions-js": "2.95.3",
        "@supabase/postgrest-js": "2.95.3",
        "@supabase/realtime-js": "2.95.3",
        "@supabase/storage-js": "2.95.3"
      },
      "devDependencies": {
        "jsr": "^0.13.5",
        "puppeteer": "^24.9.0"
      },
      "engines": {
        "node": ">=20.0.0"
      }
    },
    "../../node_modules/.pnpm/babel-plugin-module-resolver@2.7.1/node_modules/babel-plugin-module-resolver": {
      "version": "2.7.1",
      "dev": true,
      "license": "MIT",
      "dependencies": {
        "find-babel-config": "^1.0.1",
        "glob": "^7.1.1",
        "resolve": "^1.2.0"
      },
      "devDependencies": {
        "babel-cli": "^6.22.2",
        "babel-core": "^6.22.1",
        "babel-jest": "^18.0.0",
        "babel-plugin-transform-object-rest-spread": "^6.22.0",
        "babel-preset-latest": "^6.22.0",
        "eslint": "^3.15.0",
        "eslint-config-airbnb-base": "^11.0.1",
        "eslint-plugin-import": "^2.2.0",
        "jest": "^18.1.0",
        "standard-version": "^4.0.0"
      }
    },
    "../../node_modules/.pnpm/base64-arraybuffer@1.0.2/node_modules/base64-arraybuffer": {
      "version": "1.0.2",
      "license": "MIT",
      "devDependencies": {
        "@rollup/plugin-commonjs": "^19.0.0",
        "@rollup/plugin-node-resolve": "^13.0.0",
        "@rollup/plugin-typescript": "^8.2.1",
        "@types/mocha": "^8.2.2",
        "@types/node": "^16.0.0",
        "mocha": "9.0.2",
        "prettier": "^2.3.2",
        "rimraf": "3.0.2",
        "rollup": "^2.52.7",
        "rollup-plugin-json": "^4.0.0",
        "rollup-plugin-sourcemaps": "^0.6.3",
        "standard-version": "^9.3.0",
        "ts-node": "^10.0.0",
        "tslib": "^2.3.0",
        "tslint": "^6.1.3",
        "tslint-config-prettier": "^1.18.0",
        "typescript": "^4.3.5"
      },
      "engines": {
        "node": ">= 0.6.0"
      }
    },
    "../../node_modules/.pnpm/expo-constants@18.0.13_expo@54.0.33_react-native@0.81.5_@babel+core@7.29.0_@react-native-comm_tbdwqpesbkdvb75tzhkd5bduha/node_modules/expo-constants": {
      "version": "18.0.13",
      "license": "MIT",
      "dependencies": {
        "@expo/config": "~12.0.13",
        "@expo/env": "~2.0.8"
      },
      "devDependencies": {
        "expo-module-scripts": "^5.0.8"
      },
      "peerDependencies": {
        "expo": "*",
        "react-native": "*"
      }
    },
    "../../node_modules/.pnpm/expo-file-system@19.0.21_expo@54.0.33_react-native@0.81.5_@babel+core@7.29.0_@react-native-co_ddreuvgthkzasyrd25bvwtkaii/node_modules/expo-file-system": {
      "version": "19.0.21",
      "license": "MIT",
      "devDependencies": {
        "expo-module-scripts": "^5.0.8",
        "jest-expo": "~54.0.16"
      },
      "peerDependencies": {
        "expo": "*",
        "react-native": "*"
      }
    },
    "../../node_modules/.pnpm/expo-font@14.0.11_expo@54.0.33_react-native@0.81.5_@babel+core@7.29.0_@react-native-community_lwygepx7rsivkmrpn7aduu672m/node_modules/expo-font": {
      "version": "14.0.11",
      "license": "MIT",
      "dependencies": {
        "fontfaceobserver": "^2.1.0"
      },
      "devDependencies": {
        "@testing-library/react-native": "^13.2.0",
        "@types/fontfaceobserver": "^2.1.3",
        "expo-module-scripts": "^5.0.8"
      },
      "peerDependencies": {
        "expo": "*",
        "react": "*",
        "react-native": "*"
      }
    },
    "../../node_modules/.pnpm/expo-image-picker@17.0.10_expo@54.0.33/node_modules/expo-image-picker": {
      "version": "17.0.10",
      "license": "MIT",
      "dependencies": {
        "expo-image-loader": "~6.0.0"
      },
      "devDependencies": {
        "@testing-library/user-event": "^14.6.1",
        "expo-module-scripts": "^5.0.8"
      },
      "peerDependencies": {
        "expo": "*"
      }
    },
    "../../node_modules/.pnpm/expo-linking@8.0.11_expo@54.0.33_react-native@0.81.5_@babel+core@7.29.0_@react-native-communi_bdthrurrz4idrdw7ho2uysdhgu/node_modules/expo-linking": {
      "version": "8.0.11",
      "license": "MIT",
      "dependencies": {
        "expo-constants": "~18.0.12",
        "invariant": "^2.2.4"
      },
      "devDependencies": {
        "expo-module-scripts": "^5.0.8"
      },
      "peerDependencies": {
        "react": "*",
        "react-native": "*"
      }
    },
    "../../node_modules/.pnpm/expo-location@19.0.8_expo@54.0.33/node_modules/expo-location": {
      "version": "19.0.8",
      "license": "MIT",
      "devDependencies": {
        "expo-module-scripts": "^5.0.8"
      },
      "peerDependencies": {
        "expo": "*"
      }
    },
    "../../node_modules/.pnpm/expo-router@6.0.23_@expo+metro-runtime@6.1.2_@types+react-dom@18.3.7_@types+react@19.1.17__@t_ziwt36fbwelmqnib5l7t3e4ily/node_modules/expo-router": {
      "version": "6.0.23",
      "license": "MIT",
      "dependencies": {
        "@expo/metro-runtime": "^6.1.2",
        "@expo/schema-utils": "^0.1.8",
        "@radix-ui/react-slot": "1.2.0",
        "@radix-ui/react-tabs": "^1.1.12",
        "@react-navigation/bottom-tabs": "^7.4.0",
        "@react-navigation/native": "^7.1.8",
        "@react-navigation/native-stack": "^7.3.16",
        "client-only": "^0.0.1",
        "debug": "^4.3.4",
        "escape-string-regexp": "^4.0.0",
        "expo-server": "^1.0.5",
        "fast-deep-equal": "^3.1.3",
        "invariant": "^2.2.4",
        "nanoid": "^3.3.8",
        "query-string": "^7.1.3",
        "react-fast-compare": "^3.2.2",
        "react-native-is-edge-to-edge": "^1.1.6",
        "semver": "~7.6.3",
        "server-only": "^0.0.1",
        "sf-symbols-typescript": "^2.1.0",
        "shallowequal": "^1.1.0",
        "use-latest-callback": "^0.2.1",
        "vaul": "^1.1.2"
      },
      "devDependencies": {
        "@react-navigation/drawer": "^7.5.0",
        "@testing-library/dom": "^10.4.0",
        "@testing-library/react": "^16.3.0",
        "@testing-library/react-native": "^13.2.0",
        "@types/react-dom": "^19.1.7",
        "@types/semver": "^7.7.0",
        "immer": "^10.1.1",
        "react-server-dom-webpack": "~19.0.4",
        "tsd": "^0.28.1"
      },
      "peerDependencies": {
        "@expo/metro-runtime": "^6.1.2",
        "@react-navigation/drawer": "^7.5.0",
        "@testing-library/react-native": ">= 12.0.0",
        "expo": "*",
        "expo-constants": "^18.0.13",
        "expo-linking": "^8.0.11",
        "react": "*",
        "react-dom": "*",
        "react-native": "*",
        "react-native-gesture-handler": "*",
        "react-native-reanimated": "*",
        "react-native-safe-area-context": ">= 5.4.0",
        "react-native-screens": "*",
        "react-native-web": "*",
        "react-server-dom-webpack": "~19.0.4 || ~19.1.5 || ~19.2.4"
      },
      "peerDependenciesMeta": {
        "@react-navigation/drawer": {
          "optional": true
        },
        "@testing-library/react-native": {
          "optional": true
        },
        "react-dom": {
          "optional": true
        },
        "react-native-gesture-handler": {
          "optional": true
        },
        "react-native-reanimated": {
          "optional": true
        },
        "react-native-web": {
          "optional": true
        },
        "react-server-dom-webpack": {
          "optional": true
        }
      }
    },
    "../../node_modules/.pnpm/expo-secure-store@15.0.8_expo@54.0.33/node_modules/expo-secure-store": {
      "version": "15.0.8",
      "license": "MIT",
      "devDependencies": {
        "expo-module-scripts": "^5.0.8"
      },
      "peerDependencies": {
        "expo": "*"
      }
    },
    "../../node_modules/.pnpm/expo-sharing@14.0.8_expo@54.0.33/node_modules/expo-sharing": {
      "version": "14.0.8",
      "license": "MIT",
      "devDependencies": {
        "expo-module-scripts": "^5.0.8"
      },
      "peerDependencies": {
        "expo": "*"
      }
    },
    "../../node_modules/.pnpm/expo-sqlite@16.0.10_expo@54.0.33_react-native@0.81.5_@babel+core@7.29.0_@react-native-communi_f2qkkdjxoa2jimhigrmidq7xoy/node_modules/expo-sqlite": {
      "version": "16.0.10",
      "license": "MIT",
      "dependencies": {
        "await-lock": "^2.2.2"
      },
      "devDependencies": {
        "@testing-library/react-native": "^13.2.0",
        "@types/better-sqlite3": "^7.6.6",
        "better-sqlite3": "^11.6.0",
        "expo-module-scripts": "^5.0.8",
        "react-error-boundary": "^4.0.11"
      },
      "peerDependencies": {
        "expo": "*",
        "react": "*",
        "react-native": "*"
      }
    },
    "../../node_modules/.pnpm/expo-status-bar@3.0.9_react-native@0.81.5_@babel+core@7.29.0_@react-native-community+cli@13.6_xns3ef2fub4keoz4w4jowzaupu/node_modules/expo-status-bar": {
      "version": "3.0.9",
      "license": "MIT",
      "dependencies": {
        "react-native-is-edge-to-edge": "^1.2.1"
      },
      "devDependencies": {
        "@testing-library/dom": "^10.4.0",
        "@testing-library/jest-dom": "^6.6.3",
        "@testing-library/react": "^16.3.0",
        "@testing-library/react-native": "^13.2.0",
        "expo-module-scripts": "^5.0.8"
      },
      "peerDependencies": {
        "react": "*",
        "react-native": "*"
      }
    },
    "../../node_modules/.pnpm/expo@54.0.33_@babel+core@7.29.0_@expo+metro-runtime@6.1.2_expo-router@6.0.23_graphql@15.8.0_r_buuwgdmf3jkg2vbllhfn5vpoju/node_modules/expo": {
      "version": "54.0.33",
      "dev": true,
      "license": "MIT",
      "dependencies": {
        "@babel/runtime": "^7.20.0",
        "@expo/cli": "54.0.23",
        "@expo/config": "~12.0.13",
        "@expo/config-plugins": "~54.0.4",
        "@expo/devtools": "0.1.8",
        "@expo/fingerprint": "0.15.4",
        "@expo/metro": "~54.2.0",
        "@expo/metro-config": "54.0.14",
        "@expo/vector-icons": "^15.0.3",
        "@ungap/structured-clone": "^1.3.0",
        "babel-preset-expo": "~54.0.10",
        "expo-asset": "~12.0.12",
        "expo-constants": "~18.0.13",
        "expo-file-system": "~19.0.21",
        "expo-font": "~14.0.11",
        "expo-keep-awake": "~15.0.8",
        "expo-modules-autolinking": "3.0.24",
        "expo-modules-core": "3.0.29",
        "pretty-format": "^29.7.0",
        "react-refresh": "^0.14.2",
        "whatwg-url-without-unicode": "8.0.0-3"
      },
      "bin": {
        "expo": "bin/cli",
        "expo-modules-autolinking": "bin/autolinking",
        "fingerprint": "bin/fingerprint"
      },
      "devDependencies": {
        "@types/node": "^22.14.0",
        "@types/react": "~19.1.10",
        "@types/react-test-renderer": "~19.1.0",
        "expo-module-scripts": "^5.0.8",
        "react": "19.1.0",
        "react-dom": "19.1.0",
        "react-native": "0.81.5",
        "web-streams-polyfill": "^3.3.2"
      },
      "peerDependencies": {
        "@expo/dom-webview": "*",
        "@expo/metro-runtime": "*",
        "react": "*",
        "react-native": "*",
        "react-native-webview": "*"
      },
      "peerDependenciesMeta": {
        "@expo/dom-webview": {
          "optional": true
        },
        "@expo/metro-runtime": {
          "optional": true
        },
        "react-native-webview": {
          "optional": true
        }
      }
    },
    "../../node_modules/.pnpm/react-native-safe-area-context@5.6.2_react-native@0.81.5_@babel+core@7.29.0_@react-native-com_qquc2fz63lelcvsp5237ylhg5a/node_modules/react-native-safe-area-context": {
      "version": "5.6.2",
      "license": "MIT",
      "devDependencies": {
        "@commitlint/config-conventional": "^19.2.2",
        "@jest/globals": "^29.7.0",
        "@react-native/babel-preset": "^0.80.1",
        "@react-native/eslint-config": "^0.80.1",
        "@react-native/eslint-plugin-specs": "^0.80.1",
        "@release-it/conventional-changelog": "^8.0.1",
        "@testing-library/react-native": "^13.2.0",
        "@types/react": "^19.0.0",
        "@types/react-dom": "^19.0.0",
        "@typescript-eslint/eslint-plugin": "^7.14.1",
        "@typescript-eslint/parser": "^7.14.1",
        "babel-plugin-module-resolver": "^5.0.2",
        "clang-format": "^1.8.0",
        "commitlint": "^19.3.0",
        "eslint": "^8.57.0",
        "eslint-config-prettier": "^9.1.0",
        "eslint-plugin-ft-flow": "^3.0.11",
        "eslint-plugin-jest": "^28.6.0",
        "eslint-plugin-prettier": "^5.1.3",
        "eslint-plugin-testing-library": "^7.5.4",
        "husky": "^9.0.11",
        "jest": "^29.2.1",
        "prettier": "^3.3.2",
        "react": "19.1.0",
        "react-dom": "^19.1.0",
        "react-native": "^0.80.1",
        "react-native-builder-bob": "^0.23.2",
        "react-test-renderer": "^19.1.0",
        "release-it": "^17.4.0",
        "typescript": "^5.5.2"
      },
      "peerDependencies": {
        "react": "*",
        "react-native": "*"
      }
    },
    "../../node_modules/.pnpm/react-native-screens@4.16.0_react-native@0.81.5_@babel+core@7.29.0_@react-native-community+cl_lwthlevuzil3ebunpt5mrfg72a/node_modules/react-native-screens": {
      "version": "4.16.0",
      "license": "MIT",
      "dependencies": {
        "react-freeze": "^1.0.0",
        "react-native-is-edge-to-edge": "^1.2.1",
        "warn-once": "^0.1.0"
      },
      "devDependencies": {
        "@babel/core": "^7.25.2",
        "@babel/eslint-parser": "7.22.15",
        "@react-native-community/cli": "20.0.0-alpha.2",
        "@react-native-community/cli-platform-android": "20.0.0-alpha.2",
        "@react-native-community/cli-platform-ios": "20.0.0-alpha.2",
        "@react-native/babel-preset": "0.81.1",
        "@react-native/eslint-config": "0.81.1",
        "@react-native/metro-config": "0.81.1",
        "@react-native/typescript-config": "0.81.1",
        "@react-navigation/native": "^5.8.0",
        "@react-navigation/stack": "^5.10.0",
        "@types/jest": "^29.5.13",
        "@types/react": "^19.1.0",
        "@types/react-test-renderer": "^19.1.0",
        "@types/shelljs": "^0",
        "@typescript-eslint/eslint-plugin": "^6.5.0",
        "@typescript-eslint/parser": "^6.5.0",
        "eslint": "^8.56.0",
        "eslint-config-prettier": "^8.10.0",
        "eslint-config-standard": "^17.1.0",
        "eslint-plugin-ft-flow": "^3.0.11",
        "eslint-plugin-import": "^2.28.1",
        "eslint-plugin-jest": "^27.9.0",
        "eslint-plugin-n": "^16.0.2",
        "eslint-plugin-promise": "^6.1.1",
        "husky": "^8.0.3",
        "jest": "^29.6.3",
        "lint-staged": "^14.0.1",
        "prettier": "^2.8.8",
        "react": "^19.1.0",
        "react-dom": "^19.1.0",
        "react-native": "0.81.1",
        "react-native-builder-bob": "^0.23.2",
        "react-native-gesture-handler": "^2.28.0",
        "react-native-reanimated": "^3.19.0",
        "react-native-safe-area-context": "5.6.0",
        "react-native-windows": "^0.64.8",
        "react-test-renderer": "^19.1.0",
        "release-it": "^15.6.0",
        "shelljs": "^0.9.2",
        "typescript": "^5.8.3"
      },
      "peerDependencies": {
        "react": "*",
        "react-native": "*"
      }
    },
    "../../node_modules/.pnpm/react-native@0.81.5_@babel+core@7.29.0_@react-native-community+cli@13.6.9_@types+react@19.1.17_react@19.1.0/node_modules/react-native": {
      "version": "0.81.5",
      "license": "MIT",
      "dependencies": {
        "@jest/create-cache-key-function": "^29.7.0",
        "@react-native/assets-registry": "0.81.5",
        "@react-native/codegen": "0.81.5",
        "@react-native/community-cli-plugin": "0.81.5",
        "@react-native/gradle-plugin": "0.81.5",
        "@react-native/js-polyfills": "0.81.5",
        "@react-native/normalize-colors": "0.81.5",
        "@react-native/virtualized-lists": "0.81.5",
        "abort-controller": "^3.0.0",
        "anser": "^1.4.9",
        "ansi-regex": "^5.0.0",
        "babel-jest": "^29.7.0",
        "babel-plugin-syntax-hermes-parser": "0.29.1",
        "base64-js": "^1.5.1",
        "commander": "^12.0.0",
        "flow-enums-runtime": "^0.0.6",
        "glob": "^7.1.1",
        "invariant": "^2.2.4",
        "jest-environment-node": "^29.7.0",
        "memoize-one": "^5.0.0",
        "metro-runtime": "^0.83.1",
        "metro-source-map": "^0.83.1",
        "nullthrows": "^1.1.1",
        "pretty-format": "^29.7.0",
        "promise": "^8.3.0",
        "react-devtools-core": "^6.1.5",
        "react-refresh": "^0.14.0",
        "regenerator-runtime": "^0.13.2",
        "scheduler": "0.26.0",
        "semver": "^7.1.3",
        "stacktrace-parser": "^0.1.10",
        "whatwg-fetch": "^3.0.0",
        "ws": "^6.2.3",
        "yargs": "^17.6.2"
      },
      "bin": {
        "react-native": "cli.js"
      },
      "engines": {
        "node": ">= 20.19.4"
      },
      "peerDependencies": {
        "@types/react": "^19.1.0",
        "react": "^19.1.0"
      },
      "peerDependenciesMeta": {
        "@types/react": {
          "optional": true
        }
      }
    },
    "../../node_modules/.pnpm/typescript@5.9.3/node_modules/typescript": {
      "version": "5.9.3",
      "dev": true,
      "license": "Apache-2.0",
      "bin": {
        "tsc": "bin/tsc",
        "tsserver": "bin/tsserver"
      },
      "devDependencies": {
        "@dprint/formatter": "^0.4.1",
        "@dprint/typescript": "0.93.4",
        "@esfx/canceltoken": "^1.0.0",
        "@eslint/js": "^9.20.0",
        "@octokit/rest": "^21.1.1",
        "@types/chai": "^4.3.20",
        "@types/diff": "^7.0.1",
        "@types/minimist": "^1.2.5",
        "@types/mocha": "^10.0.10",
        "@types/ms": "^0.7.34",
        "@types/node": "latest",
        "@types/source-map-support": "^0.5.10",
        "@types/which": "^3.0.4",
        "@typescript-eslint/rule-tester": "^8.24.1",
        "@typescript-eslint/type-utils": "^8.24.1",
        "@typescript-eslint/utils": "^8.24.1",
        "azure-devops-node-api": "^14.1.0",
        "c8": "^10.1.3",
        "chai": "^4.5.0",
        "chokidar": "^4.0.3",
        "diff": "^7.0.0",
        "dprint": "^0.49.0",
        "esbuild": "^0.25.0",
        "eslint": "^9.20.1",
        "eslint-formatter-autolinkable-stylish": "^1.4.0",
        "eslint-plugin-regexp": "^2.7.0",
        "fast-xml-parser": "^4.5.2",
        "glob": "^10.4.5",
        "globals": "^15.15.0",
        "hereby": "^1.10.0",
        "jsonc-parser": "^3.3.1",
        "knip": "^5.44.4",
        "minimist": "^1.2.8",
        "mocha": "^10.8.2",
        "mocha-fivemat-progress-reporter": "^0.1.0",
        "monocart-coverage-reports": "^2.12.1",
        "ms": "^2.1.3",
        "picocolors": "^1.1.1",
        "playwright": "^1.50.1",
        "source-map-support": "^0.5.21",
        "tslib": "^2.8.1",
        "typescript": "^5.7.3",
        "typescript-eslint": "^8.24.1",
        "which": "^3.0.1"
      },
      "engines": {
        "node": ">=14.17"
      }
    },
    "node_modules/@babel/core": {
      "resolved": "../../node_modules/.pnpm/@babel+core@7.29.0/node_modules/@babel/core",
      "link": true
    },
    "node_modules/@expo/metro-runtime": {
      "resolved": "../../node_modules/.pnpm/@expo+metro-runtime@6.1.2_expo@54.0.33_react-dom@18.3.1_react@19.1.0__react-native@0.81.5_@ba_4cx75oox36bmteg3qqhmkckxqu/node_modules/@expo/metro-runtime",
      "link": true
    },
    "node_modules/@expo/vector-icons": {
      "resolved": "../../node_modules/.pnpm/@expo+vector-icons@15.1.1_expo-font@14.0.11_expo@54.0.33_react-native@0.81.5_@babel+core@7.29_lj5tvdyytoeji6xbxn5363gzxe/node_modules/@expo/vector-icons",
      "link": true
    },
    "node_modules/@react-navigation/native": {
      "resolved": "../../node_modules/.pnpm/@react-navigation+native@7.1.28_react-native@0.81.5_@babel+core@7.29.0_@react-native-communit_oufw6ggwf7d2j2e7cwy5ergz34/node_modules/@react-navigation/native",
      "link": true
    },
    "node_modules/@supabase/supabase-js": {
      "resolved": "../../node_modules/.pnpm/@supabase+supabase-js@2.95.3/node_modules/@supabase/supabase-js",
      "link": true
    },
    "node_modules/@types/react": {
      "version": "19.1.17",
      "resolved": "https://registry.npmjs.org/@types/react/-/react-19.1.17.tgz",
      "integrity": "sha512-Qec1E3mhALmaspIrhWt9jkQMNdw6bReVu64mjvhbhq2NFPftLPVr+l1SZgmw/66WwBNpDh7ao5AT6gF5v41PFA==",
      "dev": true,
      "license": "MIT",
      "dependencies": {
        "csstype": "^3.0.2"
      }
    },
    "node_modules/babel-plugin-module-resolver": {
      "resolved": "../../node_modules/.pnpm/babel-plugin-module-resolver@2.7.1/node_modules/babel-plugin-module-resolver",
      "link": true
    },
    "node_modules/base64-arraybuffer": {
      "resolved": "../../node_modules/.pnpm/base64-arraybuffer@1.0.2/node_modules/base64-arraybuffer",
      "link": true
    },
    "node_modules/csstype": {
      "version": "3.2.3",
      "resolved": "https://registry.npmjs.org/csstype/-/csstype-3.2.3.tgz",
      "integrity": "sha512-z1HGKcYy2xA8AGQfwrn0PAy+PB7X/GSj3UVJW9qKyn43xWa+gl5nXmU4qqLMRzWVLFC8KusUX8T/0kCiOYpAIQ==",
      "dev": true,
      "license": "MIT"
    },
    "node_modules/expo": {
      "resolved": "../../node_modules/.pnpm/expo@54.0.33_@babel+core@7.29.0_@expo+metro-runtime@6.1.2_expo-router@6.0.23_graphql@15.8.0_r_buuwgdmf3jkg2vbllhfn5vpoju/node_modules/expo",
      "link": true
    },
    "node_modules/expo-constants": {
      "resolved": "../../node_modules/.pnpm/expo-constants@18.0.13_expo@54.0.33_react-native@0.81.5_@babel+core@7.29.0_@react-native-comm_tbdwqpesbkdvb75tzhkd5bduha/node_modules/expo-constants",
      "link": true
    },
    "node_modules/expo-file-system": {
      "resolved": "../../node_modules/.pnpm/expo-file-system@19.0.21_expo@54.0.33_react-native@0.81.5_@babel+core@7.29.0_@react-native-co_ddreuvgthkzasyrd25bvwtkaii/node_modules/expo-file-system",
      "link": true
    },
    "node_modules/expo-font": {
      "resolved": "../../node_modules/.pnpm/expo-font@14.0.11_expo@54.0.33_react-native@0.81.5_@babel+core@7.29.0_@react-native-community_lwygepx7rsivkmrpn7aduu672m/node_modules/expo-font",
      "link": true
    },
    "node_modules/expo-image-picker": {
      "resolved": "../../node_modules/.pnpm/expo-image-picker@17.0.10_expo@54.0.33/node_modules/expo-image-picker",
      "link": true
    },
    "node_modules/expo-linking": {
      "resolved": "../../node_modules/.pnpm/expo-linking@8.0.11_expo@54.0.33_react-native@0.81.5_@babel+core@7.29.0_@react-native-communi_bdthrurrz4idrdw7ho2uysdhgu/node_modules/expo-linking",
      "link": true
    },
    "node_modules/expo-location": {
      "resolved": "../../node_modules/.pnpm/expo-location@19.0.8_expo@54.0.33/node_modules/expo-location",
      "link": true
    },
    "node_modules/expo-router": {
      "resolved": "../../node_modules/.pnpm/expo-router@6.0.23_@expo+metro-runtime@6.1.2_@types+react-dom@18.3.7_@types+react@19.1.17__@t_ziwt36fbwelmqnib5l7t3e4ily/node_modules/expo-router",
      "link": true
    },
    "node_modules/expo-secure-store": {
      "resolved": "../../node_modules/.pnpm/expo-secure-store@15.0.8_expo@54.0.33/node_modules/expo-secure-store",
      "link": true
    },
    "node_modules/expo-sharing": {
      "resolved": "../../node_modules/.pnpm/expo-sharing@14.0.8_expo@54.0.33/node_modules/expo-sharing",
      "link": true
    },
    "node_modules/expo-sqlite": {
      "resolved": "../../node_modules/.pnpm/expo-sqlite@16.0.10_expo@54.0.33_react-native@0.81.5_@babel+core@7.29.0_@react-native-communi_f2qkkdjxoa2jimhigrmidq7xoy/node_modules/expo-sqlite",
      "link": true
    },
    "node_modules/expo-status-bar": {
      "resolved": "../../node_modules/.pnpm/expo-status-bar@3.0.9_react-native@0.81.5_@babel+core@7.29.0_@react-native-community+cli@13.6_xns3ef2fub4keoz4w4jowzaupu/node_modules/expo-status-bar",
      "link": true
    },
    "node_modules/react": {
      "version": "19.1.0",
      "resolved": "https://registry.npmjs.org/react/-/react-19.1.0.tgz",
      "integrity": "sha512-FS+XFBNvn3GTAWq26joslQgWNoFu08F4kl0J4CgdNKADkdSGXQyTCnKteIAJy96Br6YbpEU1LSzV5dYtjMkMDg==",
      "license": "MIT",
      "engines": {
        "node": ">=0.10.0"
      }
    },
    "node_modules/react-native": {
      "resolved": "../../node_modules/.pnpm/react-native@0.81.5_@babel+core@7.29.0_@react-native-community+cli@13.6.9_@types+react@19.1.17_react@19.1.0/node_modules/react-native",
      "link": true
    },
    "node_modules/react-native-safe-area-context": {
      "resolved": "../../node_modules/.pnpm/react-native-safe-area-context@5.6.2_react-native@0.81.5_@babel+core@7.29.0_@react-native-com_qquc2fz63lelcvsp5237ylhg5a/node_modules/react-native-safe-area-context",
      "link": true
    },
    "node_modules/react-native-screens": {
      "resolved": "../../node_modules/.pnpm/react-native-screens@4.16.0_react-native@0.81.5_@babel+core@7.29.0_@react-native-community+cl_lwthlevuzil3ebunpt5mrfg72a/node_modules/react-native-screens",
      "link": true
    },
    "node_modules/typescript": {
      "resolved": "../../node_modules/.pnpm/typescript@5.9.3/node_modules/typescript",
      "link": true
    }
  }
}
